
Microsoft Visual Studio Solution File, Format Version 12.00
Project("{FAE04EC0-301F-11D3-BF4B-00C04F79EFBC}") = "PromedioEstudiantesLinq", "PromedioEstudiantesLinq\PromedioEstudiantesLinq.csproj", "{391F8891-E84B-42B7-9A9C-3C32107B1743}"
EndProject
Global
	GlobalSection(SolutionConfigurationPlatforms) = preSolution
		Debug|Any CPU = Debug|Any CPU
		Release|Any CPU = Release|Any CPU
	EndGlobalSection
	GlobalSection(ProjectConfigurationPlatforms) = postSolution
		{391F8891-E84B-42B7-9A9C-3C32107B1743}.Debug|Any CPU.ActiveCfg = Debug|Any CPU
		{391F8891-E84B-42B7-9A9C-3C32107B1743}.Debug|Any CPU.Build.0 = Debug|Any CPU
		{391F8891-E84B-42B7-9A9C-3C32107B1743}.Release|Any CPU.ActiveCfg = Release|Any CPU
		{391F8891-E84B-42B7-9A9C-3C32107B1743}.Release|Any CPU.Build.0 = Release|Any CPU
	EndGlobalSection
EndGlobal
