
Microsoft Visual Studio Solution File, Format Version 12.00
# Visual Studio Version 16
VisualStudioVersion = 16.0.29806.167
MinimumVisualStudioVersion = 10.0.40219.1
Project("{FAE04EC0-301F-11D3-BF4B-00C04F79EFBC}") = "Ejercicio2_Suma-Linq", "Ejercicio2_Suma-Linq\Ejercicio2_Suma-Linq.csproj", "{4E352FB2-A605-4EF5-8720-41781DE68290}"
EndProject
Global
	GlobalSection(SolutionConfigurationPlatforms) = preSolution
		Debug|Any CPU = Debug|Any CPU
		Release|Any CPU = Release|Any CPU
	EndGlobalSection
	GlobalSection(ProjectConfigurationPlatforms) = postSolution
		{4E352FB2-A605-4EF5-8720-41781DE68290}.Debug|Any CPU.ActiveCfg = Debug|Any CPU
		{4E352FB2-A605-4EF5-8720-41781DE68290}.Debug|Any CPU.Build.0 = Debug|Any CPU
		{4E352FB2-A605-4EF5-8720-41781DE68290}.Release|Any CPU.ActiveCfg = Release|Any CPU
		{4E352FB2-A605-4EF5-8720-41781DE68290}.Release|Any CPU.Build.0 = Release|Any CPU
	EndGlobalSection
	GlobalSection(SolutionProperties) = preSolution
		HideSolutionNode = FALSE
	EndGlobalSection
	GlobalSection(ExtensibilityGlobals) = postSolution
		SolutionGuid = {A964AF47-BAAE-4D55-BC3C-EAD3F6D7329E}
	EndGlobalSection
EndGlobal
