
Microsoft Visual Studio Solution File, Format Version 12.00
# Visual Studio Version 16
VisualStudioVersion = 16.0.29806.167
MinimumVisualStudioVersion = 10.0.40219.1
Project("{FAE04EC0-301F-11D3-BF4B-00C04F79EFBC}") = "Ejercicio3_Menor-a-mayor", "Ejercicio3_Menor-a-mayor\Ejercicio3_Menor-a-mayor.csproj", "{7629863E-70FC-4C37-889B-410BCDBD1BAD}"
EndProject
Global
	GlobalSection(SolutionConfigurationPlatforms) = preSolution
		Debug|Any CPU = Debug|Any CPU
		Release|Any CPU = Release|Any CPU
	EndGlobalSection
	GlobalSection(ProjectConfigurationPlatforms) = postSolution
		{7629863E-70FC-4C37-889B-410BCDBD1BAD}.Debug|Any CPU.ActiveCfg = Debug|Any CPU
		{7629863E-70FC-4C37-889B-410BCDBD1BAD}.Debug|Any CPU.Build.0 = Debug|Any CPU
		{7629863E-70FC-4C37-889B-410BCDBD1BAD}.Release|Any CPU.ActiveCfg = Release|Any CPU
		{7629863E-70FC-4C37-889B-410BCDBD1BAD}.Release|Any CPU.Build.0 = Release|Any CPU
	EndGlobalSection
	GlobalSection(SolutionProperties) = preSolution
		HideSolutionNode = FALSE
	EndGlobalSection
	GlobalSection(ExtensibilityGlobals) = postSolution
		SolutionGuid = {45CD2AA6-5F07-4293-8CC1-796FA85A8853}
	EndGlobalSection
EndGlobal
